
Microsoft Visual Studio Solution File, Format Version 12.00
# Visual Studio Version 17
VisualStudioVersion = 17.10.35013.160
MinimumVisualStudioVersion = 10.0.40219.1
Project("{FAE04EC0-301F-11D3-BF4B-00C04F79EFBC}") = "PharmacyManagementAPI", "PharmacyManagementAPI\PharmacyManagementAPI.csproj", "{737147D9-05F1-4EFB-B79D-C9E05CD4714B}"
EndProject
Global
	GlobalSection(SolutionConfigurationPlatforms) = preSolution
		Debug|Any CPU = Debug|Any CPU
		Release|Any CPU = Release|Any CPU
	EndGlobalSection
	GlobalSection(ProjectConfigurationPlatforms) = postSolution
		{737147D9-05F1-4EFB-B79D-C9E05CD4714B}.Debug|Any CPU.ActiveCfg = Debug|Any CPU
		{737147D9-05F1-4EFB-B79D-C9E05CD4714B}.Debug|Any CPU.Build.0 = Debug|Any CPU
		{737147D9-05F1-4EFB-B79D-C9E05CD4714B}.Release|Any CPU.ActiveCfg = Release|Any CPU
		{737147D9-05F1-4EFB-B79D-C9E05CD4714B}.Release|Any CPU.Build.0 = Release|Any CPU
	EndGlobalSection
	GlobalSection(SolutionProperties) = preSolution
		HideSolutionNode = FALSE
	EndGlobalSection
	GlobalSection(ExtensibilityGlobals) = postSolution
		SolutionGuid = {D37B9F8C-1254-4823-AE51-0830D1CFA040}
	EndGlobalSection
EndGlobal
